// !$*UTF8*$!
{
	archiveVersion = 1;
	classes = {
	};
	objectVersion = 52;
	objects = {

/* Begin PBXBuildFile section */
		5B422F2524D1522E00392FB7 /* APIClient.swift in Sources */ = {isa = PBXBuildFile; fileRef = 5B422F2424D1522E00392FB7 /* APIClient.swift */; };
		5B422F2724D1D22400392FB7 /* MainWindowController.swift in Sources */ = {isa = PBXBuildFile; fileRef = 5B422F2624D1D22400392FB7 /* MainWindowController.swift */; };
		5B42C3B824C57ADD0087CB9E /* HNAPI in Frameworks */ = {isa = PBXBuildFile; productRef = 5B42C3B724C57ADD0087CB9E /* HNAPI */; };
		5B544AC525DC121B00A3127E /* MAKAutoLayoutTextView in Frameworks */ = {isa = PBXBuildFile; productRef = 5B544AC425DC121B00A3127E /* MAKAutoLayoutTextView */; };
		5B6FB64724F77AAB00F49770 /* CommentTextView.swift in Sources */ = {isa = PBXBuildFile; fileRef = 5B6FB64624F77AAB00F49770 /* CommentTextView.swift */; };
		5B70C7FC24F277E300B6B865 /* VoteButton.swift in Sources */ = {isa = PBXBuildFile; fileRef = 5B70C7FB24F277E300B6B865 /* VoteButton.swift */; };
		5B82985424F6118200B7E91A /* ReplyPopoverViewController.swift in Sources */ = {isa = PBXBuildFile; fileRef = 5B82985324F6118200B7E91A /* ReplyPopoverViewController.swift */; };
		5B8EA2B124D05E5A00013393 /* SidebarCellView.swift in Sources */ = {isa = PBXBuildFile; fileRef = 5B8EA2B024D05E5A00013393 /* SidebarCellView.swift */; };
		5B8EA2B624D089B800013393 /* SidebarItem.swift in Sources */ = {isa = PBXBuildFile; fileRef = 5B8EA2B524D089B800013393 /* SidebarItem.swift */; };
		5B8EA2FE24D10E0800013393 /* ItemListCellView.swift in Sources */ = {isa = PBXBuildFile; fileRef = 5B8EA2FD24D10E0800013393 /* ItemListCellView.swift */; };
		5B9216C724DC6F1C00C51FF1 /* Atributika in Frameworks */ = {isa = PBXBuildFile; productRef = 5B9216C624DC6F1C00C51FF1 /* Atributika */; };
		5B9216CA24DD224900C51FF1 /* Atributika.swift in Sources */ = {isa = PBXBuildFile; fileRef = 5B9216C924DD224900C51FF1 /* Atributika.swift */; };
		5B9216CC24DD226400C51FF1 /* NSFont.swift in Sources */ = {isa = PBXBuildFile; fileRef = 5B9216CB24DD226400C51FF1 /* NSFont.swift */; };
		5B92AA9824D8E58D00C3B5DC /* CommentCellView.swift in Sources */ = {isa = PBXBuildFile; fileRef = 5B92AA9724D8E58D00C3B5DC /* CommentCellView.swift */; };
		5B92AA9E24D8EB2A00C3B5DC /* CommentViewController.swift in Sources */ = {isa = PBXBuildFile; fileRef = 5B92AA9D24D8EB2A00C3B5DC /* CommentViewController.swift */; };
		5B92AAA124D8EB3A00C3B5DC /* ItemViewController.swift in Sources */ = {isa = PBXBuildFile; fileRef = 5B92AA9F24D8EB3A00C3B5DC /* ItemViewController.swift */; };
		5B94BE2725DC203E00AA0DFD /* README.md in Resources */ = {isa = PBXBuildFile; fileRef = 5B94BE2625DC203E00AA0DFD /* README.md */; };
		5B9E236A24DF17CF00483918 /* PreferencesViewController.swift in Sources */ = {isa = PBXBuildFile; fileRef = 5B9E236924DF17CF00483918 /* PreferencesViewController.swift */; };
		5BA2A9EF25F2168F00636823 /* CommentOutlineRowView.swift in Sources */ = {isa = PBXBuildFile; fileRef = 5BA2A9EE25F2168F00636823 /* CommentOutlineRowView.swift */; };
		5BA55BB424DFE42700F6CBD0 /* AccountCellView.swift in Sources */ = {isa = PBXBuildFile; fileRef = 5BA55BB324DFE42700F6CBD0 /* AccountCellView.swift */; };
		5BA55BC924E6DFFD00F6CBD0 /* Account.swift in Sources */ = {isa = PBXBuildFile; fileRef = 5BA55BC824E6DFFD00F6CBD0 /* Account.swift */; };
		5BA55BCB24E6E47000F6CBD0 /* AddAccountSheetController.swift in Sources */ = {isa = PBXBuildFile; fileRef = 5BA55BCA24E6E47000F6CBD0 /* AddAccountSheetController.swift */; };
		5BA776D924DD5241009A32B6 /* CommentOutlineView.swift in Sources */ = {isa = PBXBuildFile; fileRef = 5BA776D824DD5241009A32B6 /* CommentOutlineView.swift */; };
		5BAB934824C14FB900D433AD /* AppDelegate.swift in Sources */ = {isa = PBXBuildFile; fileRef = 5BAB934724C14FB900D433AD /* AppDelegate.swift */; };
		5BAB934C24C14FBB00D433AD /* Assets.xcassets in Resources */ = {isa = PBXBuildFile; fileRef = 5BAB934B24C14FBB00D433AD /* Assets.xcassets */; };
		5BAB934F24C14FBB00D433AD /* Main.storyboard in Resources */ = {isa = PBXBuildFile; fileRef = 5BAB934D24C14FBB00D433AD /* Main.storyboard */; };
		5BAB935B24C1814E00D433AD /* PageViewController.swift in Sources */ = {isa = PBXBuildFile; fileRef = 5BAB935924C1814E00D433AD /* PageViewController.swift */; };
		5BAB935F24C1816F00D433AD /* ItemListViewController.swift in Sources */ = {isa = PBXBuildFile; fileRef = 5BAB935D24C1816F00D433AD /* ItemListViewController.swift */; };
		5BAB936324C1817A00D433AD /* SidebarViewController.swift in Sources */ = {isa = PBXBuildFile; fileRef = 5BAB936124C1817A00D433AD /* SidebarViewController.swift */; };
/* End PBXBuildFile section */

/* Begin PBXFileReference section */
		5B422F2424D1522E00392FB7 /* APIClient.swift */ = {isa = PBXFileReference; lastKnownFileType = sourcecode.swift; path = APIClient.swift; sourceTree = "<group>"; };
		5B422F2624D1D22400392FB7 /* MainWindowController.swift */ = {isa = PBXFileReference; lastKnownFileType = sourcecode.swift; path = MainWindowController.swift; sourceTree = "<group>"; };
		5B6FB64624F77AAB00F49770 /* CommentTextView.swift */ = {isa = PBXFileReference; lastKnownFileType = sourcecode.swift; path = CommentTextView.swift; sourceTree = "<group>"; };
		5B70C7FB24F277E300B6B865 /* VoteButton.swift */ = {isa = PBXFileReference; lastKnownFileType = sourcecode.swift; path = VoteButton.swift; sourceTree = "<group>"; };
		5B82985324F6118200B7E91A /* ReplyPopoverViewController.swift */ = {isa = PBXFileReference; lastKnownFileType = sourcecode.swift; path = ReplyPopoverViewController.swift; sourceTree = "<group>"; };
		5B8EA2B024D05E5A00013393 /* SidebarCellView.swift */ = {isa = PBXFileReference; lastKnownFileType = sourcecode.swift; path = SidebarCellView.swift; sourceTree = "<group>"; };
		5B8EA2B524D089B800013393 /* SidebarItem.swift */ = {isa = PBXFileReference; lastKnownFileType = sourcecode.swift; path = SidebarItem.swift; sourceTree = "<group>"; };
		5B8EA2FD24D10E0800013393 /* ItemListCellView.swift */ = {isa = PBXFileReference; lastKnownFileType = sourcecode.swift; path = ItemListCellView.swift; sourceTree = "<group>"; };
		5B9216C924DD224900C51FF1 /* Atributika.swift */ = {isa = PBXFileReference; lastKnownFileType = sourcecode.swift; path = Atributika.swift; sourceTree = "<group>"; };
		5B9216CB24DD226400C51FF1 /* NSFont.swift */ = {isa = PBXFileReference; lastKnownFileType = sourcecode.swift; path = NSFont.swift; sourceTree = "<group>"; };
		5B92AA9724D8E58D00C3B5DC /* CommentCellView.swift */ = {isa = PBXFileReference; lastKnownFileType = sourcecode.swift; path = CommentCellView.swift; sourceTree = "<group>"; };
		5B92AA9D24D8EB2A00C3B5DC /* CommentViewController.swift */ = {isa = PBXFileReference; lastKnownFileType = sourcecode.swift; path = CommentViewController.swift; sourceTree = "<group>"; };
		5B92AA9F24D8EB3A00C3B5DC /* ItemViewController.swift */ = {isa = PBXFileReference; lastKnownFileType = sourcecode.swift; path = ItemViewController.swift; sourceTree = "<group>"; };
		5B94BE2625DC203E00AA0DFD /* README.md */ = {isa = PBXFileReference; fileEncoding = 4; lastKnownFileType = net.daringfireball.markdown; path = README.md; sourceTree = "<group>"; };
		5B9E236924DF17CF00483918 /* PreferencesViewController.swift */ = {isa = PBXFileReference; lastKnownFileType = sourcecode.swift; path = PreferencesViewController.swift; sourceTree = "<group>"; };
		5BA2A9EE25F2168F00636823 /* CommentOutlineRowView.swift */ = {isa = PBXFileReference; lastKnownFileType = sourcecode.swift; path = CommentOutlineRowView.swift; sourceTree = "<group>"; };
		5BA55BB324DFE42700F6CBD0 /* AccountCellView.swift */ = {isa = PBXFileReference; lastKnownFileType = sourcecode.swift; path = AccountCellView.swift; sourceTree = "<group>"; };
		5BA55BC824E6DFFD00F6CBD0 /* Account.swift */ = {isa = PBXFileReference; lastKnownFileType = sourcecode.swift; path = Account.swift; sourceTree = "<group>"; };
		5BA55BCA24E6E47000F6CBD0 /* AddAccountSheetController.swift */ = {isa = PBXFileReference; lastKnownFileType = sourcecode.swift; path = AddAccountSheetController.swift; sourceTree = "<group>"; };
		5BA776D824DD5241009A32B6 /* CommentOutlineView.swift */ = {isa = PBXFileReference; lastKnownFileType = sourcecode.swift; path = CommentOutlineView.swift; sourceTree = "<group>"; };
		5BAB934424C14FB900D433AD /* HackerNews.app */ = {isa = PBXFileReference; explicitFileType = wrapper.application; includeInIndex = 0; path = HackerNews.app; sourceTree = BUILT_PRODUCTS_DIR; };
		5BAB934724C14FB900D433AD /* AppDelegate.swift */ = {isa = PBXFileReference; lastKnownFileType = sourcecode.swift; path = AppDelegate.swift; sourceTree = "<group>"; };
		5BAB934B24C14FBB00D433AD /* Assets.xcassets */ = {isa = PBXFileReference; lastKnownFileType = folder.assetcatalog; path = Assets.xcassets; sourceTree = "<group>"; };
		5BAB934E24C14FBB00D433AD /* Base */ = {isa = PBXFileReference; lastKnownFileType = file.storyboard; name = Base; path = Base.lproj/Main.storyboard; sourceTree = "<group>"; };
		5BAB935024C14FBB00D433AD /* Info.plist */ = {isa = PBXFileReference; lastKnownFileType = text.plist.xml; path = Info.plist; sourceTree = "<group>"; };
		5BAB935124C14FBB00D433AD /* HackerNews.entitlements */ = {isa = PBXFileReference; lastKnownFileType = text.plist.entitlements; path = HackerNews.entitlements; sourceTree = "<group>"; };
		5BAB935924C1814E00D433AD /* PageViewController.swift */ = {isa = PBXFileReference; lastKnownFileType = sourcecode.swift; path = PageViewController.swift; sourceTree = "<group>"; };
		5BAB935D24C1816F00D433AD /* ItemListViewController.swift */ = {isa = PBXFileReference; lastKnownFileType = sourcecode.swift; path = ItemListViewController.swift; sourceTree = "<group>"; };
		5BAB936124C1817A00D433AD /* SidebarViewController.swift */ = {isa = PBXFileReference; lastKnownFileType = sourcecode.swift; path = SidebarViewController.swift; sourceTree = "<group>"; };
/* End PBXFileReference section */

/* Begin PBXFrameworksBuildPhase section */
		5BAB934124C14FB900D433AD /* Frameworks */ = {
			isa = PBXFrameworksBuildPhase;
			buildActionMask = 2147483647;
			files = (
				5B544AC525DC121B00A3127E /* MAKAutoLayoutTextView in Frameworks */,
				5B9216C724DC6F1C00C51FF1 /* Atributika in Frameworks */,
				5B42C3B824C57ADD0087CB9E /* HNAPI in Frameworks */,
			);
			runOnlyForDeploymentPostprocessing = 0;
		};
/* End PBXFrameworksBuildPhase section */

/* Begin PBXGroup section */
		5B8EA2B224D0898D00013393 /* Sidebar */ = {
			isa = PBXGroup;
			children = (
				5B8EA2B024D05E5A00013393 /* SidebarCellView.swift */,
				5BAB936124C1817A00D433AD /* SidebarViewController.swift */,
				5B8EA2B524D089B800013393 /* SidebarItem.swift */,
			);
			path = Sidebar;
			sourceTree = "<group>";
		};
		5B8EA2B324D0899700013393 /* ItemList */ = {
			isa = PBXGroup;
			children = (
				5BAB935D24C1816F00D433AD /* ItemListViewController.swift */,
				5B8EA2FD24D10E0800013393 /* ItemListCellView.swift */,
			);
			path = ItemList;
			sourceTree = "<group>";
		};
		5B8EA2B424D0899D00013393 /* Page */ = {
			isa = PBXGroup;
			children = (
				5BAB935924C1814E00D433AD /* PageViewController.swift */,
				5B92AA9F24D8EB3A00C3B5DC /* ItemViewController.swift */,
				5B92AA9D24D8EB2A00C3B5DC /* CommentViewController.swift */,
				5B82985324F6118200B7E91A /* ReplyPopoverViewController.swift */,
				5BA776D824DD5241009A32B6 /* CommentOutlineView.swift */,
				5BA2A9EE25F2168F00636823 /* CommentOutlineRowView.swift */,
				5B92AA9724D8E58D00C3B5DC /* CommentCellView.swift */,
				5B6FB64624F77AAB00F49770 /* CommentTextView.swift */,
				5B70C7FB24F277E300B6B865 /* VoteButton.swift */,
			);
			path = Page;
			sourceTree = "<group>";
		};
		5B9216C824DD222700C51FF1 /* Extensions */ = {
			isa = PBXGroup;
			children = (
				5B422F2424D1522E00392FB7 /* APIClient.swift */,
				5B9216C924DD224900C51FF1 /* Atributika.swift */,
				5B9216CB24DD226400C51FF1 /* NSFont.swift */,
			);
			path = Extensions;
			sourceTree = "<group>";
		};
		5B9E236C24DF17ED00483918 /* Preferences */ = {
			isa = PBXGroup;
			children = (
				5B9E236924DF17CF00483918 /* PreferencesViewController.swift */,
				5BA55BCA24E6E47000F6CBD0 /* AddAccountSheetController.swift */,
				5BA55BB324DFE42700F6CBD0 /* AccountCellView.swift */,
			);
			path = Preferences;
			sourceTree = "<group>";
		};
		5BAB933B24C14FB900D433AD = {
			isa = PBXGroup;
			children = (
				5B94BE2625DC203E00AA0DFD /* README.md */,
				5BAB934624C14FB900D433AD /* HackerNews */,
				5BAB934524C14FB900D433AD /* Products */,
			);
			sourceTree = "<group>";
		};
		5BAB934524C14FB900D433AD /* Products */ = {
			isa = PBXGroup;
			children = (
				5BAB934424C14FB900D433AD /* HackerNews.app */,
			);
			name = Products;
			sourceTree = "<group>";
		};
		5BAB934624C14FB900D433AD /* HackerNews */ = {
			isa = PBXGroup;
			children = (
				5BAB934724C14FB900D433AD /* AppDelegate.swift */,
				5BAB934D24C14FBB00D433AD /* Main.storyboard */,
				5B422F2624D1D22400392FB7 /* MainWindowController.swift */,
				5BA55BC824E6DFFD00F6CBD0 /* Account.swift */,
				5B9E236C24DF17ED00483918 /* Preferences */,
				5B8EA2B224D0898D00013393 /* Sidebar */,
				5B8EA2B324D0899700013393 /* ItemList */,
				5B8EA2B424D0899D00013393 /* Page */,
				5B9216C824DD222700C51FF1 /* Extensions */,
				5BAB934B24C14FBB00D433AD /* Assets.xcassets */,
				5BAB935024C14FBB00D433AD /* Info.plist */,
				5BAB935124C14FBB00D433AD /* HackerNews.entitlements */,
			);
			path = HackerNews;
			sourceTree = "<group>";
		};
/* End PBXGroup section */

/* Begin PBXNativeTarget section */
		5BAB934324C14FB900D433AD /* HackerNews */ = {
			isa = PBXNativeTarget;
			buildConfigurationList = 5BAB935424C14FBB00D433AD /* Build configuration list for PBXNativeTarget "HackerNews" */;
			buildPhases = (
				5BAB934024C14FB900D433AD /* Sources */,
				5BAB934124C14FB900D433AD /* Frameworks */,
				5BAB934224C14FB900D433AD /* Resources */,
			);
			buildRules = (
			);
			dependencies = (
			);
			name = HackerNews;
			packageProductDependencies = (
				5B42C3B724C57ADD0087CB9E /* HNAPI */,
				5B9216C624DC6F1C00C51FF1 /* Atributika */,
				5B544AC425DC121B00A3127E /* MAKAutoLayoutTextView */,
			);
			productName = HackerNews;
			productReference = 5BAB934424C14FB900D433AD /* HackerNews.app */;
			productType = "com.apple.product-type.application";
		};
/* End PBXNativeTarget section */

/* Begin PBXProject section */
		5BAB933C24C14FB900D433AD /* Project object */ = {
			isa = PBXProject;
			attributes = {
				LastSwiftUpdateCheck = 1200;
				LastUpgradeCheck = 1240;
				TargetAttributes = {
					5BAB934324C14FB900D433AD = {
						CreatedOnToolsVersion = 12.0;
						LastSwiftMigration = 1200;
					};
				};
			};
			buildConfigurationList = 5BAB933F24C14FB900D433AD /* Build configuration list for PBXProject "HackerNews" */;
			compatibilityVersion = "Xcode 9.3";
			developmentRegion = en;
			hasScannedForEncodings = 0;
			knownRegions = (
				en,
				Base,
			);
			mainGroup = 5BAB933B24C14FB900D433AD;
			packageReferences = (
				5B42C3B624C57ADD0087CB9E /* XCRemoteSwiftPackageReference "HNAPI" */,
				5B9216C524DC6F1C00C51FF1 /* XCRemoteSwiftPackageReference "Atributika" */,
				5B544AC325DC121B00A3127E /* XCRemoteSwiftPackageReference "ModernAppKit" */,
			);
			productRefGroup = 5BAB934524C14FB900D433AD /* Products */;
			projectDirPath = "";
			projectRoot = "";
			targets = (
				5BAB934324C14FB900D433AD /* HackerNews */,
			);
		};
/* End PBXProject section */

/* Begin PBXResourcesBuildPhase section */
		5BAB934224C14FB900D433AD /* Resources */ = {
			isa = PBXResourcesBuildPhase;
			buildActionMask = 2147483647;
			files = (
				5B94BE2725DC203E00AA0DFD /* README.md in Resources */,
				5BAB934C24C14FBB00D433AD /* Assets.xcassets in Resources */,
				5BAB934F24C14FBB00D433AD /* Main.storyboard in Resources */,
			);
			runOnlyForDeploymentPostprocessing = 0;
		};
/* End PBXResourcesBuildPhase section */

/* Begin PBXSourcesBuildPhase section */
		5BAB934024C14FB900D433AD /* Sources */ = {
			isa = PBXSourcesBuildPhase;
			buildActionMask = 2147483647;
			files = (
				5BAB934824C14FB900D433AD /* AppDelegate.swift in Sources */,
				5BAB935B24C1814E00D433AD /* PageViewController.swift in Sources */,
				5B8EA2FE24D10E0800013393 /* ItemListCellView.swift in Sources */,
				5BA55BB424DFE42700F6CBD0 /* AccountCellView.swift in Sources */,
				5B9216CA24DD224900C51FF1 /* Atributika.swift in Sources */,
				5BA55BC924E6DFFD00F6CBD0 /* Account.swift in Sources */,
				5B92AAA124D8EB3A00C3B5DC /* ItemViewController.swift in Sources */,
				5B422F2524D1522E00392FB7 /* APIClient.swift in Sources */,
				5B82985424F6118200B7E91A /* ReplyPopoverViewController.swift in Sources */,
				5BAB935F24C1816F00D433AD /* ItemListViewController.swift in Sources */,
				5B9216CC24DD226400C51FF1 /* NSFont.swift in Sources */,
				5B6FB64724F77AAB00F49770 /* CommentTextView.swift in Sources */,
				5B8EA2B624D089B800013393 /* SidebarItem.swift in Sources */,
				5BA2A9EF25F2168F00636823 /* CommentOutlineRowView.swift in Sources */,
				5BA55BCB24E6E47000F6CBD0 /* AddAccountSheetController.swift in Sources */,
				5B92AA9824D8E58D00C3B5DC /* CommentCellView.swift in Sources */,
				5B70C7FC24F277E300B6B865 /* VoteButton.swift in Sources */,
				5BA776D924DD5241009A32B6 /* CommentOutlineView.swift in Sources */,
				5B9E236A24DF17CF00483918 /* PreferencesViewController.swift in Sources */,
				5B92AA9E24D8EB2A00C3B5DC /* CommentViewController.swift in Sources */,
				5B8EA2B124D05E5A00013393 /* SidebarCellView.swift in Sources */,
				5BAB936324C1817A00D433AD /* SidebarViewController.swift in Sources */,
				5B422F2724D1D22400392FB7 /* MainWindowController.swift in Sources */,
			);
			runOnlyForDeploymentPostprocessing = 0;
		};
/* End PBXSourcesBuildPhase section */

/* Begin PBXVariantGroup section */
		5BAB934D24C14FBB00D433AD /* Main.storyboard */ = {
			isa = PBXVariantGroup;
			children = (
				5BAB934E24C14FBB00D433AD /* Base */,
			);
			name = Main.storyboard;
			sourceTree = "<group>";
		};
/* End PBXVariantGroup section */

/* Begin XCBuildConfiguration section */
		5BAB935224C14FBB00D433AD /* Debug */ = {
			isa = XCBuildConfiguration;
			buildSettings = {
				ALWAYS_SEARCH_USER_PATHS = NO;
				CLANG_ANALYZER_NONNULL = YES;
				CLANG_ANALYZER_NUMBER_OBJECT_CONVERSION = YES_AGGRESSIVE;
				CLANG_CXX_LANGUAGE_STANDARD = "gnu++14";
				CLANG_CXX_LIBRARY = "libc++";
				CLANG_ENABLE_MODULES = YES;
				CLANG_ENABLE_OBJC_ARC = YES;
				CLANG_ENABLE_OBJC_WEAK = YES;
				CLANG_WARN_BLOCK_CAPTURE_AUTORELEASING = YES;
				CLANG_WARN_BOOL_CONVERSION = YES;
				CLANG_WARN_COMMA = YES;
				CLANG_WARN_CONSTANT_CONVERSION = YES;
				CLANG_WARN_DEPRECATED_OBJC_IMPLEMENTATIONS = YES;
				CLANG_WARN_DIRECT_OBJC_ISA_USAGE = YES_ERROR;
				CLANG_WARN_DOCUMENTATION_COMMENTS = YES;
				CLANG_WARN_EMPTY_BODY = YES;
				CLANG_WARN_ENUM_CONVERSION = YES;
				CLANG_WARN_INFINITE_RECURSION = YES;
				CLANG_WARN_INT_CONVERSION = YES;
				CLANG_WARN_NON_LITERAL_NULL_CONVERSION = YES;
				CLANG_WARN_OBJC_IMPLICIT_RETAIN_SELF = YES;
				CLANG_WARN_OBJC_LITERAL_CONVERSION = YES;
				CLANG_WARN_OBJC_ROOT_CLASS = YES_ERROR;
				CLANG_WARN_QUOTED_INCLUDE_IN_FRAMEWORK_HEADER = YES;
				CLANG_WARN_RANGE_LOOP_ANALYSIS = YES;
				CLANG_WARN_STRICT_PROTOTYPES = YES;
				CLANG_WARN_SUSPICIOUS_MOVE = YES;
				CLANG_WARN_UNGUARDED_AVAILABILITY = YES_AGGRESSIVE;
				CLANG_WARN_UNREACHABLE_CODE = YES;
				CLANG_WARN__DUPLICATE_METHOD_MATCH = YES;
				COPY_PHASE_STRIP = NO;
				DEBUG_INFORMATION_FORMAT = dwarf;
				ENABLE_STRICT_OBJC_MSGSEND = YES;
				ENABLE_TESTABILITY = YES;
				GCC_C_LANGUAGE_STANDARD = gnu11;
				GCC_DYNAMIC_NO_PIC = NO;
				GCC_NO_COMMON_BLOCKS = YES;
				GCC_OPTIMIZATION_LEVEL = 0;
				GCC_PREPROCESSOR_DEFINITIONS = (
					"DEBUG=1",
					"$(inherited)",
				);
				GCC_WARN_64_TO_32_BIT_CONVERSION = YES;
				GCC_WARN_ABOUT_RETURN_TYPE = YES_ERROR;
				GCC_WARN_UNDECLARED_SELECTOR = YES;
				GCC_WARN_UNINITIALIZED_AUTOS = YES_AGGRESSIVE;
				GCC_WARN_UNUSED_FUNCTION = YES;
				GCC_WARN_UNUSED_VARIABLE = YES;
				MACOSX_DEPLOYMENT_TARGET = 11.0;
				MTL_ENABLE_DEBUG_INFO = INCLUDE_SOURCE;
				MTL_FAST_MATH = YES;
				ONLY_ACTIVE_ARCH = YES;
				SDKROOT = macosx;
				SWIFT_ACTIVE_COMPILATION_CONDITIONS = DEBUG;
				SWIFT_OPTIMIZATION_LEVEL = "-Onone";
			};
			name = Debug;
		};
		5BAB935324C14FBB00D433AD /* Release */ = {
			isa = XCBuildConfiguration;
			buildSettings = {
				ALWAYS_SEARCH_USER_PATHS = NO;
				CLANG_ANALYZER_NONNULL = YES;
				CLANG_ANALYZER_NUMBER_OBJECT_CONVERSION = YES_AGGRESSIVE;
				CLANG_CXX_LANGUAGE_STANDARD = "gnu++14";
				CLANG_CXX_LIBRARY = "libc++";
				CLANG_ENABLE_MODULES = YES;
				CLANG_ENABLE_OBJC_ARC = YES;
				CLANG_ENABLE_OBJC_WEAK = YES;
				CLANG_WARN_BLOCK_CAPTURE_AUTORELEASING = YES;
				CLANG_WARN_BOOL_CONVERSION = YES;
				CLANG_WARN_COMMA = YES;
				CLANG_WARN_CONSTANT_CONVERSION = YES;
				CLANG_WARN_DEPRECATED_OBJC_IMPLEMENTATIONS = YES;
				CLANG_WARN_DIRECT_OBJC_ISA_USAGE = YES_ERROR;
				CLANG_WARN_DOCUMENTATION_COMMENTS = YES;
				CLANG_WARN_EMPTY_BODY = YES;
				CLANG_WARN_ENUM_CONVERSION = YES;
				CLANG_WARN_INFINITE_RECURSION = YES;
				CLANG_WARN_INT_CONVERSION = YES;
				CLANG_WARN_NON_LITERAL_NULL_CONVERSION = YES;
				CLANG_WARN_OBJC_IMPLICIT_RETAIN_SELF = YES;
				CLANG_WARN_OBJC_LITERAL_CONVERSION = YES;
				CLANG_WARN_OBJC_ROOT_CLASS = YES_ERROR;
				CLANG_WARN_QUOTED_INCLUDE_IN_FRAMEWORK_HEADER = YES;
				CLANG_WARN_RANGE_LOOP_ANALYSIS = YES;
				CLANG_WARN_STRICT_PROTOTYPES = YES;
				CLANG_WARN_SUSPICIOUS_MOVE = YES;
				CLANG_WARN_UNGUARDED_AVAILABILITY = YES_AGGRESSIVE;
				CLANG_WARN_UNREACHABLE_CODE = YES;
				CLANG_WARN__DUPLICATE_METHOD_MATCH = YES;
				COPY_PHASE_STRIP = NO;
				DEBUG_INFORMATION_FORMAT = "dwarf-with-dsym";
				ENABLE_NS_ASSERTIONS = NO;
				ENABLE_STRICT_OBJC_MSGSEND = YES;
				GCC_C_LANGUAGE_STANDARD = gnu11;
				GCC_NO_COMMON_BLOCKS = YES;
				GCC_WARN_64_TO_32_BIT_CONVERSION = YES;
				GCC_WARN_ABOUT_RETURN_TYPE = YES_ERROR;
				GCC_WARN_UNDECLARED_SELECTOR = YES;
				GCC_WARN_UNINITIALIZED_AUTOS = YES_AGGRESSIVE;
				GCC_WARN_UNUSED_FUNCTION = YES;
				GCC_WARN_UNUSED_VARIABLE = YES;
				MACOSX_DEPLOYMENT_TARGET = 11.0;
				MTL_ENABLE_DEBUG_INFO = NO;
				MTL_FAST_MATH = YES;
				SDKROOT = macosx;
				SWIFT_COMPILATION_MODE = wholemodule;
				SWIFT_OPTIMIZATION_LEVEL = "-O";
			};
			name = Release;
		};
		5BAB935524C14FBB00D433AD /* Debug */ = {
			isa = XCBuildConfiguration;
			buildSettings = {
				ASSETCATALOG_COMPILER_APPICON_NAME = AppIcon;
				ASSETCATALOG_COMPILER_GLOBAL_ACCENT_COLOR_NAME = AccentColor;
				CLANG_ENABLE_MODULES = YES;
				CODE_SIGN_ENTITLEMENTS = HackerNews/HackerNews.entitlements;
				CODE_SIGN_IDENTITY = "-";
				CODE_SIGN_STYLE = Automatic;
				COMBINE_HIDPI_IMAGES = YES;
				INFOPLIST_FILE = HackerNews/Info.plist;
				LD_RUNPATH_SEARCH_PATHS = (
					"$(inherited)",
					"@executable_path/../Frameworks",
				);
				MACOSX_DEPLOYMENT_TARGET = 11.0;
				PRODUCT_BUNDLE_IDENTIFIER = com.goranmoomin.HackerNews;
				PRODUCT_NAME = "$(TARGET_NAME)";
				SWIFT_OPTIMIZATION_LEVEL = "-Onone";
				SWIFT_VERSION = 5.0;
			};
			name = Debug;
		};
		5BAB935624C14FBB00D433AD /* Release */ = {
			isa = XCBuildConfiguration;
			buildSettings = {
				ASSETCATALOG_COMPILER_APPICON_NAME = AppIcon;
				ASSETCATALOG_COMPILER_GLOBAL_ACCENT_COLOR_NAME = AccentColor;
				CLANG_ENABLE_MODULES = YES;
				CODE_SIGN_ENTITLEMENTS = HackerNews/HackerNews.entitlements;
				CODE_SIGN_IDENTITY = "-";
				CODE_SIGN_STYLE = Automatic;
				COMBINE_HIDPI_IMAGES = YES;
				INFOPLIST_FILE = HackerNews/Info.plist;
				LD_RUNPATH_SEARCH_PATHS = (
					"$(inherited)",
					"@executable_path/../Frameworks",
				);
				MACOSX_DEPLOYMENT_TARGET = 11.0;
				PRODUCT_BUNDLE_IDENTIFIER = com.goranmoomin.HackerNews;
				PRODUCT_NAME = "$(TARGET_NAME)";
				SWIFT_VERSION = 5.0;
			};
			name = Release;
		};
/* End XCBuildConfiguration section */

/* Begin XCConfigurationList section */
		5BAB933F24C14FB900D433AD /* Build configuration list for PBXProject "HackerNews" */ = {
			isa = XCConfigurationList;
			buildConfigurations = (
				5BAB935224C14FBB00D433AD /* Debug */,
				5BAB935324C14FBB00D433AD /* Release */,
			);
			defaultConfigurationIsVisible = 0;
			defaultConfigurationName = Release;
		};
		5BAB935424C14FBB00D433AD /* Build configuration list for PBXNativeTarget "HackerNews" */ = {
			isa = XCConfigurationList;
			buildConfigurations = (
				5BAB935524C14FBB00D433AD /* Debug */,
				5BAB935624C14FBB00D433AD /* Release */,
			);
			defaultConfigurationIsVisible = 0;
			defaultConfigurationName = Release;
		};
/* End XCConfigurationList section */

/* Begin XCRemoteSwiftPackageReference section */
		5B42C3B624C57ADD0087CB9E /* XCRemoteSwiftPackageReference "HNAPI" */ = {
			isa = XCRemoteSwiftPackageReference;
			repositoryURL = "https://github.com/goranmoomin/HNAPI.git";
			requirement = {
				branch = master;
				kind = branch;
			};
		};
		5B544AC325DC121B00A3127E /* XCRemoteSwiftPackageReference "ModernAppKit" */ = {
			isa = XCRemoteSwiftPackageReference;
			repositoryURL = "https://github.com/fumoboy007/ModernAppKit.git";
			requirement = {
				kind = upToNextMajorVersion;
				minimumVersion = 1.0.0;
			};
		};
		5B9216C524DC6F1C00C51FF1 /* XCRemoteSwiftPackageReference "Atributika" */ = {
			isa = XCRemoteSwiftPackageReference;
			repositoryURL = "https://github.com/psharanda/Atributika";
			requirement = {
				kind = upToNextMajorVersion;
				minimumVersion = 4.9.9;
			};
		};
/* End XCRemoteSwiftPackageReference section */

/* Begin XCSwiftPackageProductDependency section */
		5B42C3B724C57ADD0087CB9E /* HNAPI */ = {
			isa = XCSwiftPackageProductDependency;
			package = 5B42C3B624C57ADD0087CB9E /* XCRemoteSwiftPackageReference "HNAPI" */;
			productName = HNAPI;
		};
		5B544AC425DC121B00A3127E /* MAKAutoLayoutTextView */ = {
			isa = XCSwiftPackageProductDependency;
			package = 5B544AC325DC121B00A3127E /* XCRemoteSwiftPackageReference "ModernAppKit" */;
			productName = MAKAutoLayoutTextView;
		};
		5B9216C624DC6F1C00C51FF1 /* Atributika */ = {
			isa = XCSwiftPackageProductDependency;
			package = 5B9216C524DC6F1C00C51FF1 /* XCRemoteSwiftPackageReference "Atributika" */;
			productName = Atributika;
		};
/* End XCSwiftPackageProductDependency section */
	};
	rootObject = 5BAB933C24C14FB900D433AD /* Project object */;
}
