// !$*UTF8*$!
{
	archiveVersion = 1;
	classes = {
	};
	objectVersion = 52;
	objects = {

/* Begin PBXBuildFile section */
		5B1CE42723BF9E6300064B6A /* AppDelegate.swift in Sources */ = {isa = PBXBuildFile; fileRef = 5B1CE42623BF9E6300064B6A /* AppDelegate.swift */; };
		5B1CE42B23BF9E6600064B6A /* Assets.xcassets in Resources */ = {isa = PBXBuildFile; fileRef = 5B1CE42A23BF9E6600064B6A /* Assets.xcassets */; };
		5B1CE42E23BF9E6600064B6A /* Main.storyboard in Resources */ = {isa = PBXBuildFile; fileRef = 5B1CE42C23BF9E6600064B6A /* Main.storyboard */; };
		5B1CE43F23BF9EA200064B6A /* LegacyComment.swift in Sources */ = {isa = PBXBuildFile; fileRef = 5B1CE43623BF9EA100064B6A /* LegacyComment.swift */; };
		5B1CE44023BF9EA200064B6A /* LegacyHackerNewsAPI.swift in Sources */ = {isa = PBXBuildFile; fileRef = 5B1CE43723BF9EA100064B6A /* LegacyHackerNewsAPI.swift */; };
		5B1CE44123BF9EA200064B6A /* LegacyPoll.swift in Sources */ = {isa = PBXBuildFile; fileRef = 5B1CE43823BF9EA100064B6A /* LegacyPoll.swift */; };
		5B1CE44223BF9EA200064B6A /* LegacyItem.swift in Sources */ = {isa = PBXBuildFile; fileRef = 5B1CE43923BF9EA100064B6A /* LegacyItem.swift */; };
		5B1CE44323BF9EA200064B6A /* LegacyStory.swift in Sources */ = {isa = PBXBuildFile; fileRef = 5B1CE43A23BF9EA100064B6A /* LegacyStory.swift */; };
		5B1CE44523BF9EA200064B6A /* LegacyJob.swift in Sources */ = {isa = PBXBuildFile; fileRef = 5B1CE43C23BF9EA100064B6A /* LegacyJob.swift */; };
		5B1CE44723BF9EA200064B6A /* LegacyPollOption.swift in Sources */ = {isa = PBXBuildFile; fileRef = 5B1CE43E23BF9EA200064B6A /* LegacyPollOption.swift */; };
		5B1EF74A23EC1E0600D8A979 /* HackerNewsAPI in Frameworks */ = {isa = PBXBuildFile; productRef = 5B1EF74923EC1E0600D8A979 /* HackerNewsAPI */; };
		5B331C1623CA3CBB0002938B /* StoryRowView.swift in Sources */ = {isa = PBXBuildFile; fileRef = 5B331C1523CA3CBB0002938B /* StoryRowView.swift */; };
		5B331C1B23CA4AE10002938B /* Colors.swift in Sources */ = {isa = PBXBuildFile; fileRef = 5B331C1A23CA4AE10002938B /* Colors.swift */; };
		5B39472B23D9A52F0073F6E5 /* LegacyAction.swift in Sources */ = {isa = PBXBuildFile; fileRef = 5B39472A23D9A52F0073F6E5 /* LegacyAction.swift */; };
		5B44DE6E23D30A3A001CA13F /* AuthorPopupViewController.swift in Sources */ = {isa = PBXBuildFile; fileRef = 5B44DE6D23D30A3A001CA13F /* AuthorPopupViewController.swift */; };
		5B44DE7023D498C4001CA13F /* EmphasizableTextField.swift in Sources */ = {isa = PBXBuildFile; fileRef = 5B44DE6F23D498C4001CA13F /* EmphasizableTextField.swift */; };
		5B44DE7223D49A48001CA13F /* EmphasizableButton.swift in Sources */ = {isa = PBXBuildFile; fileRef = 5B44DE7123D49A48001CA13F /* EmphasizableButton.swift */; };
		5B44DE7E23D614D4001CA13F /* LegacyHackerNewsInteractionManager.swift in Sources */ = {isa = PBXBuildFile; fileRef = 5B44DE7D23D614D4001CA13F /* LegacyHackerNewsInteractionManager.swift */; };
		5B51713223C0B1B50068E7CE /* CommentsViewController.swift in Sources */ = {isa = PBXBuildFile; fileRef = 5B51713023C0B1B50068E7CE /* CommentsViewController.swift */; };
		5B67493623C6B3C90062BDFF /* ProgressView.swift in Sources */ = {isa = PBXBuildFile; fileRef = 5B67493523C6B3C90062BDFF /* ProgressView.swift */; };
		5B76906023CBE88B00FD2516 /* StorySearchView.swift in Sources */ = {isa = PBXBuildFile; fileRef = 5B76905F23CBE88B00FD2516 /* StorySearchView.swift */; };
		5B796EBC23C086CE008173A5 /* SplitViewController.swift in Sources */ = {isa = PBXBuildFile; fileRef = 5B796EBB23C086CE008173A5 /* SplitViewController.swift */; };
		5BA8CBFF23C2CD3400E2500B /* DisclosureTrianglelessOutlineView.swift in Sources */ = {isa = PBXBuildFile; fileRef = 5BA8CBFE23C2CD3400E2500B /* DisclosureTrianglelessOutlineView.swift */; };
		5BA8CC0523C3520000E2500B /* StoriesViewController.swift in Sources */ = {isa = PBXBuildFile; fileRef = 5BA8CC0423C3520000E2500B /* StoriesViewController.swift */; };
		5BBDA6CB23D08D2A00300FB5 /* SidebarViewController.swift in Sources */ = {isa = PBXBuildFile; fileRef = 5BBDA6CA23D08D2A00300FB5 /* SidebarViewController.swift */; };
		5BBDA6DA23D0CECE00300FB5 /* SidebarHeaderCellView.swift in Sources */ = {isa = PBXBuildFile; fileRef = 5BBDA6D923D0CECE00300FB5 /* SidebarHeaderCellView.swift */; };
		5BBDA6DC23D14D2900300FB5 /* SidebarCellView.swift in Sources */ = {isa = PBXBuildFile; fileRef = 5BBDA6DB23D14D2900300FB5 /* SidebarCellView.swift */; };
		5BBDA6E023D1B7ED00300FB5 /* LegacyCategory.swift in Sources */ = {isa = PBXBuildFile; fileRef = 5BBDA6DF23D1B7ED00300FB5 /* LegacyCategory.swift */; };
		5BBDA6E223D1C17B00300FB5 /* LegacyUser.swift in Sources */ = {isa = PBXBuildFile; fileRef = 5BBDA6E123D1C17B00300FB5 /* LegacyUser.swift */; };
		5BC6D87223DB23DB000C85DA /* ActionView.swift in Sources */ = {isa = PBXBuildFile; fileRef = 5BC6D87123DB23DB000C85DA /* ActionView.swift */; };
		5BC6D87423DB2441000C85DA /* ActionView.xib in Resources */ = {isa = PBXBuildFile; fileRef = 5BC6D87323DB2441000C85DA /* ActionView.xib */; };
		5BC6D87823DB3E59000C85DA /* ActionButton.swift in Sources */ = {isa = PBXBuildFile; fileRef = 5BC6D87723DB3E59000C85DA /* ActionButton.swift */; };
		5BDE252623EC74A600C89BA7 /* ListableItemCellView.swift in Sources */ = {isa = PBXBuildFile; fileRef = 5BDE252523EC74A600C89BA7 /* ListableItemCellView.swift */; };
		5BDE252823ED6C8800C89BA7 /* CommentCellView.swift in Sources */ = {isa = PBXBuildFile; fileRef = 5BDE252723ED6C8800C89BA7 /* CommentCellView.swift */; };
		5BDE252B23EE84CA00C89BA7 /* Atributika in Frameworks */ = {isa = PBXBuildFile; productRef = 5BDE252A23EE84CA00C89BA7 /* Atributika */; };
		5BDE252D23EEB12C00C89BA7 /* Fonts.swift in Sources */ = {isa = PBXBuildFile; fileRef = 5BDE252C23EEB12C00C89BA7 /* Fonts.swift */; };
		5BE425B423CF629000BEA641 /* LoadableView.swift in Sources */ = {isa = PBXBuildFile; fileRef = 5BE425B323CF629000BEA641 /* LoadableView.swift */; };
		5BE425B623CF633D00BEA641 /* ProgressView.xib in Resources */ = {isa = PBXBuildFile; fileRef = 5BE425B523CF633D00BEA641 /* ProgressView.xib */; };
/* End PBXBuildFile section */

/* Begin PBXFileReference section */
		5B1CE42323BF9E6300064B6A /* HackerNews.app */ = {isa = PBXFileReference; explicitFileType = wrapper.application; includeInIndex = 0; path = HackerNews.app; sourceTree = BUILT_PRODUCTS_DIR; };
		5B1CE42623BF9E6300064B6A /* AppDelegate.swift */ = {isa = PBXFileReference; lastKnownFileType = sourcecode.swift; path = AppDelegate.swift; sourceTree = "<group>"; };
		5B1CE42A23BF9E6600064B6A /* Assets.xcassets */ = {isa = PBXFileReference; lastKnownFileType = folder.assetcatalog; path = Assets.xcassets; sourceTree = "<group>"; };
		5B1CE42D23BF9E6600064B6A /* Base */ = {isa = PBXFileReference; lastKnownFileType = file.storyboard; name = Base; path = Base.lproj/Main.storyboard; sourceTree = "<group>"; };
		5B1CE42F23BF9E6700064B6A /* Info.plist */ = {isa = PBXFileReference; lastKnownFileType = text.plist.xml; path = Info.plist; sourceTree = "<group>"; };
		5B1CE43023BF9E6700064B6A /* HackerNews.entitlements */ = {isa = PBXFileReference; lastKnownFileType = text.plist.entitlements; path = HackerNews.entitlements; sourceTree = "<group>"; };
		5B1CE43623BF9EA100064B6A /* LegacyComment.swift */ = {isa = PBXFileReference; fileEncoding = 4; lastKnownFileType = sourcecode.swift; path = LegacyComment.swift; sourceTree = "<group>"; };
		5B1CE43723BF9EA100064B6A /* LegacyHackerNewsAPI.swift */ = {isa = PBXFileReference; fileEncoding = 4; lastKnownFileType = sourcecode.swift; path = LegacyHackerNewsAPI.swift; sourceTree = "<group>"; };
		5B1CE43823BF9EA100064B6A /* LegacyPoll.swift */ = {isa = PBXFileReference; fileEncoding = 4; lastKnownFileType = sourcecode.swift; path = LegacyPoll.swift; sourceTree = "<group>"; };
		5B1CE43923BF9EA100064B6A /* LegacyItem.swift */ = {isa = PBXFileReference; fileEncoding = 4; lastKnownFileType = sourcecode.swift; path = LegacyItem.swift; sourceTree = "<group>"; };
		5B1CE43A23BF9EA100064B6A /* LegacyStory.swift */ = {isa = PBXFileReference; fileEncoding = 4; lastKnownFileType = sourcecode.swift; path = LegacyStory.swift; sourceTree = "<group>"; };
		5B1CE43C23BF9EA100064B6A /* LegacyJob.swift */ = {isa = PBXFileReference; fileEncoding = 4; lastKnownFileType = sourcecode.swift; path = LegacyJob.swift; sourceTree = "<group>"; };
		5B1CE43E23BF9EA200064B6A /* LegacyPollOption.swift */ = {isa = PBXFileReference; fileEncoding = 4; lastKnownFileType = sourcecode.swift; path = LegacyPollOption.swift; sourceTree = "<group>"; };
		5B331C1523CA3CBB0002938B /* StoryRowView.swift */ = {isa = PBXFileReference; lastKnownFileType = sourcecode.swift; path = StoryRowView.swift; sourceTree = "<group>"; };
		5B331C1A23CA4AE10002938B /* Colors.swift */ = {isa = PBXFileReference; lastKnownFileType = sourcecode.swift; path = Colors.swift; sourceTree = "<group>"; };
		5B39472A23D9A52F0073F6E5 /* LegacyAction.swift */ = {isa = PBXFileReference; lastKnownFileType = sourcecode.swift; path = LegacyAction.swift; sourceTree = "<group>"; };
		5B44DE6D23D30A3A001CA13F /* AuthorPopupViewController.swift */ = {isa = PBXFileReference; lastKnownFileType = sourcecode.swift; path = AuthorPopupViewController.swift; sourceTree = "<group>"; };
		5B44DE6F23D498C4001CA13F /* EmphasizableTextField.swift */ = {isa = PBXFileReference; lastKnownFileType = sourcecode.swift; path = EmphasizableTextField.swift; sourceTree = "<group>"; };
		5B44DE7123D49A48001CA13F /* EmphasizableButton.swift */ = {isa = PBXFileReference; lastKnownFileType = sourcecode.swift; path = EmphasizableButton.swift; sourceTree = "<group>"; };
		5B44DE7D23D614D4001CA13F /* LegacyHackerNewsInteractionManager.swift */ = {isa = PBXFileReference; lastKnownFileType = sourcecode.swift; path = LegacyHackerNewsInteractionManager.swift; sourceTree = "<group>"; };
		5B51713023C0B1B50068E7CE /* CommentsViewController.swift */ = {isa = PBXFileReference; lastKnownFileType = sourcecode.swift; path = CommentsViewController.swift; sourceTree = "<group>"; };
		5B67493523C6B3C90062BDFF /* ProgressView.swift */ = {isa = PBXFileReference; lastKnownFileType = sourcecode.swift; path = ProgressView.swift; sourceTree = "<group>"; };
		5B76905F23CBE88B00FD2516 /* StorySearchView.swift */ = {isa = PBXFileReference; lastKnownFileType = sourcecode.swift; path = StorySearchView.swift; sourceTree = "<group>"; };
		5B796EBB23C086CE008173A5 /* SplitViewController.swift */ = {isa = PBXFileReference; lastKnownFileType = sourcecode.swift; path = SplitViewController.swift; sourceTree = "<group>"; };
		5BA8CBFE23C2CD3400E2500B /* DisclosureTrianglelessOutlineView.swift */ = {isa = PBXFileReference; lastKnownFileType = sourcecode.swift; path = DisclosureTrianglelessOutlineView.swift; sourceTree = "<group>"; };
		5BA8CC0423C3520000E2500B /* StoriesViewController.swift */ = {isa = PBXFileReference; lastKnownFileType = sourcecode.swift; path = StoriesViewController.swift; sourceTree = "<group>"; };
		5BBDA6CA23D08D2A00300FB5 /* SidebarViewController.swift */ = {isa = PBXFileReference; lastKnownFileType = sourcecode.swift; path = SidebarViewController.swift; sourceTree = "<group>"; };
		5BBDA6D923D0CECE00300FB5 /* SidebarHeaderCellView.swift */ = {isa = PBXFileReference; lastKnownFileType = sourcecode.swift; path = SidebarHeaderCellView.swift; sourceTree = "<group>"; };
		5BBDA6DB23D14D2900300FB5 /* SidebarCellView.swift */ = {isa = PBXFileReference; lastKnownFileType = sourcecode.swift; path = SidebarCellView.swift; sourceTree = "<group>"; };
		5BBDA6DF23D1B7ED00300FB5 /* LegacyCategory.swift */ = {isa = PBXFileReference; lastKnownFileType = sourcecode.swift; path = LegacyCategory.swift; sourceTree = "<group>"; };
		5BBDA6E123D1C17B00300FB5 /* LegacyUser.swift */ = {isa = PBXFileReference; lastKnownFileType = sourcecode.swift; path = LegacyUser.swift; sourceTree = "<group>"; };
		5BC6D87123DB23DB000C85DA /* ActionView.swift */ = {isa = PBXFileReference; lastKnownFileType = sourcecode.swift; path = ActionView.swift; sourceTree = "<group>"; };
		5BC6D87323DB2441000C85DA /* ActionView.xib */ = {isa = PBXFileReference; lastKnownFileType = file.xib; path = ActionView.xib; sourceTree = "<group>"; };
		5BC6D87723DB3E59000C85DA /* ActionButton.swift */ = {isa = PBXFileReference; lastKnownFileType = sourcecode.swift; path = ActionButton.swift; sourceTree = "<group>"; };
		5BDE252523EC74A600C89BA7 /* ListableItemCellView.swift */ = {isa = PBXFileReference; lastKnownFileType = sourcecode.swift; path = ListableItemCellView.swift; sourceTree = "<group>"; };
		5BDE252723ED6C8800C89BA7 /* CommentCellView.swift */ = {isa = PBXFileReference; lastKnownFileType = sourcecode.swift; path = CommentCellView.swift; sourceTree = "<group>"; };
		5BDE252C23EEB12C00C89BA7 /* Fonts.swift */ = {isa = PBXFileReference; lastKnownFileType = sourcecode.swift; path = Fonts.swift; sourceTree = "<group>"; };
		5BE425B323CF629000BEA641 /* LoadableView.swift */ = {isa = PBXFileReference; lastKnownFileType = sourcecode.swift; path = LoadableView.swift; sourceTree = "<group>"; };
		5BE425B523CF633D00BEA641 /* ProgressView.xib */ = {isa = PBXFileReference; lastKnownFileType = file.xib; path = ProgressView.xib; sourceTree = "<group>"; };
/* End PBXFileReference section */

/* Begin PBXFrameworksBuildPhase section */
		5B1CE42023BF9E6300064B6A /* Frameworks */ = {
			isa = PBXFrameworksBuildPhase;
			buildActionMask = 2147483647;
			files = (
				5BDE252B23EE84CA00C89BA7 /* Atributika in Frameworks */,
				5B1EF74A23EC1E0600D8A979 /* HackerNewsAPI in Frameworks */,
			);
			runOnlyForDeploymentPostprocessing = 0;
		};
/* End PBXFrameworksBuildPhase section */

/* Begin PBXGroup section */
		5B1CE41A23BF9E6300064B6A = {
			isa = PBXGroup;
			children = (
				5B1CE42523BF9E6300064B6A /* HackerNews */,
				5B1CE42423BF9E6300064B6A /* Products */,
			);
			sourceTree = "<group>";
		};
		5B1CE42423BF9E6300064B6A /* Products */ = {
			isa = PBXGroup;
			children = (
				5B1CE42323BF9E6300064B6A /* HackerNews.app */,
			);
			name = Products;
			sourceTree = "<group>";
		};
		5B1CE42523BF9E6300064B6A /* HackerNews */ = {
			isa = PBXGroup;
			children = (
				5B1CE42623BF9E6300064B6A /* AppDelegate.swift */,
				5B1CE42C23BF9E6600064B6A /* Main.storyboard */,
				5B51712C23C0A0340068E7CE /* Views */,
				5B51712D23C0A03D0068E7CE /* View Controllers */,
				5B51712E23C0A0800068E7CE /* Models */,
				5B331C1923CA4ACC0002938B /* Misc */,
				5B51712B23C0A0270068E7CE /* Supporting Files */,
			);
			path = HackerNews;
			sourceTree = "<group>";
		};
		5B331C1923CA4ACC0002938B /* Misc */ = {
			isa = PBXGroup;
			children = (
				5B331C1A23CA4AE10002938B /* Colors.swift */,
				5BDE252C23EEB12C00C89BA7 /* Fonts.swift */,
			);
			path = Misc;
			sourceTree = "<group>";
		};
		5B51712B23C0A0270068E7CE /* Supporting Files */ = {
			isa = PBXGroup;
			children = (
				5B1CE42A23BF9E6600064B6A /* Assets.xcassets */,
				5B1CE42F23BF9E6700064B6A /* Info.plist */,
				5B1CE43023BF9E6700064B6A /* HackerNews.entitlements */,
			);
			path = "Supporting Files";
			sourceTree = "<group>";
		};
		5B51712C23C0A0340068E7CE /* Views */ = {
			isa = PBXGroup;
			children = (
				5B44DE6F23D498C4001CA13F /* EmphasizableTextField.swift */,
				5B44DE7123D49A48001CA13F /* EmphasizableButton.swift */,
				5B76905F23CBE88B00FD2516 /* StorySearchView.swift */,
				5BDE252523EC74A600C89BA7 /* ListableItemCellView.swift */,
				5B331C1523CA3CBB0002938B /* StoryRowView.swift */,
				5BDE252723ED6C8800C89BA7 /* CommentCellView.swift */,
				5BBDA6D923D0CECE00300FB5 /* SidebarHeaderCellView.swift */,
				5BBDA6DB23D14D2900300FB5 /* SidebarCellView.swift */,
				5BA8CBFE23C2CD3400E2500B /* DisclosureTrianglelessOutlineView.swift */,
				5BE425B323CF629000BEA641 /* LoadableView.swift */,
				5BC6D87723DB3E59000C85DA /* ActionButton.swift */,
				5BC6D87123DB23DB000C85DA /* ActionView.swift */,
				5BC6D87323DB2441000C85DA /* ActionView.xib */,
				5B67493523C6B3C90062BDFF /* ProgressView.swift */,
				5BE425B523CF633D00BEA641 /* ProgressView.xib */,
			);
			path = Views;
			sourceTree = "<group>";
		};
		5B51712D23C0A03D0068E7CE /* View Controllers */ = {
			isa = PBXGroup;
			children = (
				5B796EBB23C086CE008173A5 /* SplitViewController.swift */,
				5BBDA6CA23D08D2A00300FB5 /* SidebarViewController.swift */,
				5BA8CC0423C3520000E2500B /* StoriesViewController.swift */,
				5B51713023C0B1B50068E7CE /* CommentsViewController.swift */,
				5B44DE6D23D30A3A001CA13F /* AuthorPopupViewController.swift */,
			);
			path = "View Controllers";
			sourceTree = "<group>";
		};
		5B51712E23C0A0800068E7CE /* Models */ = {
			isa = PBXGroup;
			children = (
				5B1CE43723BF9EA100064B6A /* LegacyHackerNewsAPI.swift */,
				5B44DE7D23D614D4001CA13F /* LegacyHackerNewsInteractionManager.swift */,
				5BBDA6DF23D1B7ED00300FB5 /* LegacyCategory.swift */,
				5B39472A23D9A52F0073F6E5 /* LegacyAction.swift */,
				5B1CE43923BF9EA100064B6A /* LegacyItem.swift */,
				5BBDA6E123D1C17B00300FB5 /* LegacyUser.swift */,
				5B1CE43C23BF9EA100064B6A /* LegacyJob.swift */,
				5B1CE43A23BF9EA100064B6A /* LegacyStory.swift */,
				5B1CE43623BF9EA100064B6A /* LegacyComment.swift */,
				5B1CE43823BF9EA100064B6A /* LegacyPoll.swift */,
				5B1CE43E23BF9EA200064B6A /* LegacyPollOption.swift */,
			);
			path = Models;
			sourceTree = "<group>";
		};
/* End PBXGroup section */

/* Begin PBXNativeTarget section */
		5B1CE42223BF9E6300064B6A /* HackerNews */ = {
			isa = PBXNativeTarget;
			buildConfigurationList = 5B1CE43323BF9E6700064B6A /* Build configuration list for PBXNativeTarget "HackerNews" */;
			buildPhases = (
				5B1CE41F23BF9E6300064B6A /* Sources */,
				5B1CE42023BF9E6300064B6A /* Frameworks */,
				5B1CE42123BF9E6300064B6A /* Resources */,
			);
			buildRules = (
			);
			dependencies = (
			);
			name = HackerNews;
			packageProductDependencies = (
				5B1EF74923EC1E0600D8A979 /* HackerNewsAPI */,
				5BDE252A23EE84CA00C89BA7 /* Atributika */,
			);
			productName = HackerNews;
			productReference = 5B1CE42323BF9E6300064B6A /* HackerNews.app */;
			productType = "com.apple.product-type.application";
		};
/* End PBXNativeTarget section */

/* Begin PBXProject section */
		5B1CE41B23BF9E6300064B6A /* Project object */ = {
			isa = PBXProject;
			attributes = {
				LastSwiftUpdateCheck = 1130;
				LastUpgradeCheck = 1130;
				ORGANIZATIONNAME = "조성빈";
				TargetAttributes = {
					5B1CE42223BF9E6300064B6A = {
						CreatedOnToolsVersion = 11.3;
					};
				};
			};
			buildConfigurationList = 5B1CE41E23BF9E6300064B6A /* Build configuration list for PBXProject "HackerNews" */;
			compatibilityVersion = "Xcode 11.0";
			developmentRegion = en;
			hasScannedForEncodings = 0;
			knownRegions = (
				en,
				Base,
			);
			mainGroup = 5B1CE41A23BF9E6300064B6A;
			packageReferences = (
				5B1EF74823EC1E0600D8A979 /* XCRemoteSwiftPackageReference "HackerNewsAPI" */,
				5BDE252923EE84CA00C89BA7 /* XCRemoteSwiftPackageReference "Atributika" */,
			);
			productRefGroup = 5B1CE42423BF9E6300064B6A /* Products */;
			projectDirPath = "";
			projectRoot = "";
			targets = (
				5B1CE42223BF9E6300064B6A /* HackerNews */,
			);
		};
/* End PBXProject section */

/* Begin PBXResourcesBuildPhase section */
		5B1CE42123BF9E6300064B6A /* Resources */ = {
			isa = PBXResourcesBuildPhase;
			buildActionMask = 2147483647;
			files = (
				5BC6D87423DB2441000C85DA /* ActionView.xib in Resources */,
				5BE425B623CF633D00BEA641 /* ProgressView.xib in Resources */,
				5B1CE42B23BF9E6600064B6A /* Assets.xcassets in Resources */,
				5B1CE42E23BF9E6600064B6A /* Main.storyboard in Resources */,
			);
			runOnlyForDeploymentPostprocessing = 0;
		};
/* End PBXResourcesBuildPhase section */

/* Begin PBXSourcesBuildPhase section */
		5B1CE41F23BF9E6300064B6A /* Sources */ = {
			isa = PBXSourcesBuildPhase;
			buildActionMask = 2147483647;
			files = (
				5BC6D87823DB3E59000C85DA /* ActionButton.swift in Sources */,
				5BC6D87223DB23DB000C85DA /* ActionView.swift in Sources */,
				5BA8CC0523C3520000E2500B /* StoriesViewController.swift in Sources */,
				5B331C1B23CA4AE10002938B /* Colors.swift in Sources */,
				5B76906023CBE88B00FD2516 /* StorySearchView.swift in Sources */,
				5B67493623C6B3C90062BDFF /* ProgressView.swift in Sources */,
				5B796EBC23C086CE008173A5 /* SplitViewController.swift in Sources */,
				5B1CE44323BF9EA200064B6A /* LegacyStory.swift in Sources */,
				5B1CE44123BF9EA200064B6A /* LegacyPoll.swift in Sources */,
				5B1CE44723BF9EA200064B6A /* LegacyPollOption.swift in Sources */,
				5B51713223C0B1B50068E7CE /* CommentsViewController.swift in Sources */,
				5B44DE7E23D614D4001CA13F /* LegacyHackerNewsInteractionManager.swift in Sources */,
				5BA8CBFF23C2CD3400E2500B /* DisclosureTrianglelessOutlineView.swift in Sources */,
				5BDE252623EC74A600C89BA7 /* ListableItemCellView.swift in Sources */,
				5BE425B423CF629000BEA641 /* LoadableView.swift in Sources */,
				5BDE252823ED6C8800C89BA7 /* CommentCellView.swift in Sources */,
				5BBDA6CB23D08D2A00300FB5 /* SidebarViewController.swift in Sources */,
				5BBDA6DA23D0CECE00300FB5 /* SidebarHeaderCellView.swift in Sources */,
				5BDE252D23EEB12C00C89BA7 /* Fonts.swift in Sources */,
				5B39472B23D9A52F0073F6E5 /* LegacyAction.swift in Sources */,
				5B44DE6E23D30A3A001CA13F /* AuthorPopupViewController.swift in Sources */,
				5B1CE43F23BF9EA200064B6A /* LegacyComment.swift in Sources */,
				5B1CE44523BF9EA200064B6A /* LegacyJob.swift in Sources */,
				5B1CE42723BF9E6300064B6A /* AppDelegate.swift in Sources */,
				5B44DE7223D49A48001CA13F /* EmphasizableButton.swift in Sources */,
				5B1CE44223BF9EA200064B6A /* LegacyItem.swift in Sources */,
				5BBDA6E223D1C17B00300FB5 /* LegacyUser.swift in Sources */,
				5B1CE44023BF9EA200064B6A /* LegacyHackerNewsAPI.swift in Sources */,
				5B331C1623CA3CBB0002938B /* StoryRowView.swift in Sources */,
				5BBDA6DC23D14D2900300FB5 /* SidebarCellView.swift in Sources */,
				5B44DE7023D498C4001CA13F /* EmphasizableTextField.swift in Sources */,
				5BBDA6E023D1B7ED00300FB5 /* LegacyCategory.swift in Sources */,
			);
			runOnlyForDeploymentPostprocessing = 0;
		};
/* End PBXSourcesBuildPhase section */

/* Begin PBXVariantGroup section */
		5B1CE42C23BF9E6600064B6A /* Main.storyboard */ = {
			isa = PBXVariantGroup;
			children = (
				5B1CE42D23BF9E6600064B6A /* Base */,
			);
			name = Main.storyboard;
			sourceTree = "<group>";
		};
/* End PBXVariantGroup section */

/* Begin XCBuildConfiguration section */
		5B1CE43123BF9E6700064B6A /* Debug */ = {
			isa = XCBuildConfiguration;
			buildSettings = {
				ALWAYS_SEARCH_USER_PATHS = NO;
				CLANG_ANALYZER_NONNULL = YES;
				CLANG_ANALYZER_NUMBER_OBJECT_CONVERSION = YES_AGGRESSIVE;
				CLANG_CXX_LANGUAGE_STANDARD = "gnu++14";
				CLANG_CXX_LIBRARY = "libc++";
				CLANG_ENABLE_MODULES = YES;
				CLANG_ENABLE_OBJC_ARC = YES;
				CLANG_ENABLE_OBJC_WEAK = YES;
				CLANG_WARN_BLOCK_CAPTURE_AUTORELEASING = YES;
				CLANG_WARN_BOOL_CONVERSION = YES;
				CLANG_WARN_COMMA = YES;
				CLANG_WARN_CONSTANT_CONVERSION = YES;
				CLANG_WARN_DEPRECATED_OBJC_IMPLEMENTATIONS = YES;
				CLANG_WARN_DIRECT_OBJC_ISA_USAGE = YES_ERROR;
				CLANG_WARN_DOCUMENTATION_COMMENTS = YES;
				CLANG_WARN_EMPTY_BODY = YES;
				CLANG_WARN_ENUM_CONVERSION = YES;
				CLANG_WARN_INFINITE_RECURSION = YES;
				CLANG_WARN_INT_CONVERSION = YES;
				CLANG_WARN_NON_LITERAL_NULL_CONVERSION = YES;
				CLANG_WARN_OBJC_IMPLICIT_RETAIN_SELF = YES;
				CLANG_WARN_OBJC_LITERAL_CONVERSION = YES;
				CLANG_WARN_OBJC_ROOT_CLASS = YES_ERROR;
				CLANG_WARN_RANGE_LOOP_ANALYSIS = YES;
				CLANG_WARN_STRICT_PROTOTYPES = YES;
				CLANG_WARN_SUSPICIOUS_MOVE = YES;
				CLANG_WARN_UNGUARDED_AVAILABILITY = YES_AGGRESSIVE;
				CLANG_WARN_UNREACHABLE_CODE = YES;
				CLANG_WARN__DUPLICATE_METHOD_MATCH = YES;
				COPY_PHASE_STRIP = NO;
				DEBUG_INFORMATION_FORMAT = dwarf;
				ENABLE_STRICT_OBJC_MSGSEND = YES;
				ENABLE_TESTABILITY = YES;
				GCC_C_LANGUAGE_STANDARD = gnu11;
				GCC_DYNAMIC_NO_PIC = NO;
				GCC_NO_COMMON_BLOCKS = YES;
				GCC_OPTIMIZATION_LEVEL = 0;
				GCC_PREPROCESSOR_DEFINITIONS = (
					"DEBUG=1",
					"$(inherited)",
				);
				GCC_WARN_64_TO_32_BIT_CONVERSION = YES;
				GCC_WARN_ABOUT_RETURN_TYPE = YES_ERROR;
				GCC_WARN_UNDECLARED_SELECTOR = YES;
				GCC_WARN_UNINITIALIZED_AUTOS = YES_AGGRESSIVE;
				GCC_WARN_UNUSED_FUNCTION = YES;
				GCC_WARN_UNUSED_VARIABLE = YES;
				MACOSX_DEPLOYMENT_TARGET = 10.15;
				MTL_ENABLE_DEBUG_INFO = INCLUDE_SOURCE;
				MTL_FAST_MATH = YES;
				ONLY_ACTIVE_ARCH = YES;
				SDKROOT = macosx;
				SWIFT_ACTIVE_COMPILATION_CONDITIONS = DEBUG;
				SWIFT_OPTIMIZATION_LEVEL = "-Onone";
			};
			name = Debug;
		};
		5B1CE43223BF9E6700064B6A /* Release */ = {
			isa = XCBuildConfiguration;
			buildSettings = {
				ALWAYS_SEARCH_USER_PATHS = NO;
				CLANG_ANALYZER_NONNULL = YES;
				CLANG_ANALYZER_NUMBER_OBJECT_CONVERSION = YES_AGGRESSIVE;
				CLANG_CXX_LANGUAGE_STANDARD = "gnu++14";
				CLANG_CXX_LIBRARY = "libc++";
				CLANG_ENABLE_MODULES = YES;
				CLANG_ENABLE_OBJC_ARC = YES;
				CLANG_ENABLE_OBJC_WEAK = YES;
				CLANG_WARN_BLOCK_CAPTURE_AUTORELEASING = YES;
				CLANG_WARN_BOOL_CONVERSION = YES;
				CLANG_WARN_COMMA = YES;
				CLANG_WARN_CONSTANT_CONVERSION = YES;
				CLANG_WARN_DEPRECATED_OBJC_IMPLEMENTATIONS = YES;
				CLANG_WARN_DIRECT_OBJC_ISA_USAGE = YES_ERROR;
				CLANG_WARN_DOCUMENTATION_COMMENTS = YES;
				CLANG_WARN_EMPTY_BODY = YES;
				CLANG_WARN_ENUM_CONVERSION = YES;
				CLANG_WARN_INFINITE_RECURSION = YES;
				CLANG_WARN_INT_CONVERSION = YES;
				CLANG_WARN_NON_LITERAL_NULL_CONVERSION = YES;
				CLANG_WARN_OBJC_IMPLICIT_RETAIN_SELF = YES;
				CLANG_WARN_OBJC_LITERAL_CONVERSION = YES;
				CLANG_WARN_OBJC_ROOT_CLASS = YES_ERROR;
				CLANG_WARN_RANGE_LOOP_ANALYSIS = YES;
				CLANG_WARN_STRICT_PROTOTYPES = YES;
				CLANG_WARN_SUSPICIOUS_MOVE = YES;
				CLANG_WARN_UNGUARDED_AVAILABILITY = YES_AGGRESSIVE;
				CLANG_WARN_UNREACHABLE_CODE = YES;
				CLANG_WARN__DUPLICATE_METHOD_MATCH = YES;
				COPY_PHASE_STRIP = NO;
				DEBUG_INFORMATION_FORMAT = "dwarf-with-dsym";
				ENABLE_NS_ASSERTIONS = NO;
				ENABLE_STRICT_OBJC_MSGSEND = YES;
				GCC_C_LANGUAGE_STANDARD = gnu11;
				GCC_NO_COMMON_BLOCKS = YES;
				GCC_WARN_64_TO_32_BIT_CONVERSION = YES;
				GCC_WARN_ABOUT_RETURN_TYPE = YES_ERROR;
				GCC_WARN_UNDECLARED_SELECTOR = YES;
				GCC_WARN_UNINITIALIZED_AUTOS = YES_AGGRESSIVE;
				GCC_WARN_UNUSED_FUNCTION = YES;
				GCC_WARN_UNUSED_VARIABLE = YES;
				MACOSX_DEPLOYMENT_TARGET = 10.15;
				MTL_ENABLE_DEBUG_INFO = NO;
				MTL_FAST_MATH = YES;
				SDKROOT = macosx;
				SWIFT_COMPILATION_MODE = wholemodule;
				SWIFT_OPTIMIZATION_LEVEL = "-O";
			};
			name = Release;
		};
		5B1CE43423BF9E6700064B6A /* Debug */ = {
			isa = XCBuildConfiguration;
			buildSettings = {
				ASSETCATALOG_COMPILER_APPICON_NAME = AppIcon;
				CODE_SIGN_ENTITLEMENTS = "HackerNews/Supporting Files/HackerNews.entitlements";
				CODE_SIGN_STYLE = Automatic;
				COMBINE_HIDPI_IMAGES = YES;
				INFOPLIST_FILE = "HackerNews/Supporting Files/Info.plist";
				LD_RUNPATH_SEARCH_PATHS = (
					"$(inherited)",
					"@executable_path/../Frameworks",
				);
				PRODUCT_BUNDLE_IDENTIFIER = io.pcr910303.HackerNews;
				PRODUCT_NAME = "$(TARGET_NAME)";
				SWIFT_VERSION = 5.0;
			};
			name = Debug;
		};
		5B1CE43523BF9E6700064B6A /* Release */ = {
			isa = XCBuildConfiguration;
			buildSettings = {
				ASSETCATALOG_COMPILER_APPICON_NAME = AppIcon;
				CODE_SIGN_ENTITLEMENTS = "HackerNews/Supporting Files/HackerNews.entitlements";
				CODE_SIGN_STYLE = Automatic;
				COMBINE_HIDPI_IMAGES = YES;
				INFOPLIST_FILE = "HackerNews/Supporting Files/Info.plist";
				LD_RUNPATH_SEARCH_PATHS = (
					"$(inherited)",
					"@executable_path/../Frameworks",
				);
				PRODUCT_BUNDLE_IDENTIFIER = io.pcr910303.HackerNews;
				PRODUCT_NAME = "$(TARGET_NAME)";
				SWIFT_VERSION = 5.0;
			};
			name = Release;
		};
/* End XCBuildConfiguration section */

/* Begin XCConfigurationList section */
		5B1CE41E23BF9E6300064B6A /* Build configuration list for PBXProject "HackerNews" */ = {
			isa = XCConfigurationList;
			buildConfigurations = (
				5B1CE43123BF9E6700064B6A /* Debug */,
				5B1CE43223BF9E6700064B6A /* Release */,
			);
			defaultConfigurationIsVisible = 0;
			defaultConfigurationName = Release;
		};
		5B1CE43323BF9E6700064B6A /* Build configuration list for PBXNativeTarget "HackerNews" */ = {
			isa = XCConfigurationList;
			buildConfigurations = (
				5B1CE43423BF9E6700064B6A /* Debug */,
				5B1CE43523BF9E6700064B6A /* Release */,
			);
			defaultConfigurationIsVisible = 0;
			defaultConfigurationName = Release;
		};
/* End XCConfigurationList section */

/* Begin XCRemoteSwiftPackageReference section */
		5B1EF74823EC1E0600D8A979 /* XCRemoteSwiftPackageReference "HackerNewsAPI" */ = {
			isa = XCRemoteSwiftPackageReference;
			repositoryURL = "https://github.com/pcr910303/HackerNewsAPI.git";
			requirement = {
				branch = master;
				kind = branch;
			};
		};
		5BDE252923EE84CA00C89BA7 /* XCRemoteSwiftPackageReference "Atributika" */ = {
			isa = XCRemoteSwiftPackageReference;
			repositoryURL = "https://github.com/psharanda/Atributika.git";
			requirement = {
				kind = upToNextMajorVersion;
				minimumVersion = 4.9.4;
			};
		};
/* End XCRemoteSwiftPackageReference section */

/* Begin XCSwiftPackageProductDependency section */
		5B1EF74923EC1E0600D8A979 /* HackerNewsAPI */ = {
			isa = XCSwiftPackageProductDependency;
			package = 5B1EF74823EC1E0600D8A979 /* XCRemoteSwiftPackageReference "HackerNewsAPI" */;
			productName = HackerNewsAPI;
		};
		5BDE252A23EE84CA00C89BA7 /* Atributika */ = {
			isa = XCSwiftPackageProductDependency;
			package = 5BDE252923EE84CA00C89BA7 /* XCRemoteSwiftPackageReference "Atributika" */;
			productName = Atributika;
		};
/* End XCSwiftPackageProductDependency section */
	};
	rootObject = 5B1CE41B23BF9E6300064B6A /* Project object */;
}
